// !$*UTF8*$!
{
	archiveVersion = 1;
	classes = {
	};
	objectVersion = 55;
	objects = {

/* Begin PBXBuildFile section */
		2AD7429827CA64D500585172 /* AppDelegate.swift in Sources */ = {isa = PBXBuildFile; fileRef = 2AD7429727CA64D500585172 /* AppDelegate.swift */; };
		2AD7429A27CA64D500585172 /* SceneDelegate.swift in Sources */ = {isa = PBXBuildFile; fileRef = 2AD7429927CA64D500585172 /* SceneDelegate.swift */; };
		2AD7429C27CA64D500585172 /* ViewController.swift in Sources */ = {isa = PBXBuildFile; fileRef = 2AD7429B27CA64D500585172 /* ViewController.swift */; };
		2AD742A127CA64E500585172 /* Assets.xcassets in Resources */ = {isa = PBXBuildFile; fileRef = 2AD742A027CA64E500585172 /* Assets.xcassets */; };
		2AD742A427CA64E500585172 /* LaunchScreen.storyboard in Resources */ = {isa = PBXBuildFile; fileRef = 2AD742A227CA64E500585172 /* LaunchScreen.storyboard */; };
		2AD742AE27CA65EE00585172 /* HealthKit.framework in Frameworks */ = {isa = PBXBuildFile; fileRef = 2AD742AD27CA65EE00585172 /* HealthKit.framework */; };
		2AD742B327CAA05400585172 /* SwiftUICharts in Frameworks */ = {isa = PBXBuildFile; productRef = 2AD742B227CAA05400585172 /* SwiftUICharts */; };
		2AD742B727CAABB500585172 /* ContentView.swift in Sources */ = {isa = PBXBuildFile; fileRef = 2AD742B627CAABB500585172 /* ContentView.swift */; };
		2AD742BD27CAB0F700585172 /* HealthKitData.swift in Sources */ = {isa = PBXBuildFile; fileRef = 2AD742BC27CAB0F700585172 /* HealthKitData.swift */; };
		2AD7430427CAE77000585172 /* Main.storyboard in Resources */ = {isa = PBXBuildFile; fileRef = 2AD7429D27CA64D500585172 /* Main.storyboard */; };
/* End PBXBuildFile section */

/* Begin PBXFileReference section */
		2AD7429427CA64D500585172 /* Test2.app */ = {isa = PBXFileReference; explicitFileType = wrapper.application; includeInIndex = 0; path = Test2.app; sourceTree = BUILT_PRODUCTS_DIR; };
		2AD7429727CA64D500585172 /* AppDelegate.swift */ = {isa = PBXFileReference; lastKnownFileType = sourcecode.swift; path = AppDelegate.swift; sourceTree = "<group>"; };
		2AD7429927CA64D500585172 /* SceneDelegate.swift */ = {isa = PBXFileReference; lastKnownFileType = sourcecode.swift; path = SceneDelegate.swift; sourceTree = "<group>"; };
		2AD7429B27CA64D500585172 /* ViewController.swift */ = {isa = PBXFileReference; lastKnownFileType = sourcecode.swift; path = ViewController.swift; sourceTree = "<group>"; };
		2AD7429E27CA64D500585172 /* Base */ = {isa = PBXFileReference; lastKnownFileType = file.storyboard; name = Base; path = Base.lproj/Main.storyboard; sourceTree = "<group>"; };
		2AD742A027CA64E500585172 /* Assets.xcassets */ = {isa = PBXFileReference; lastKnownFileType = folder.assetcatalog; path = Assets.xcassets; sourceTree = "<group>"; };
		2AD742A327CA64E500585172 /* Base */ = {isa = PBXFileReference; lastKnownFileType = file.storyboard; name = Base; path = Base.lproj/LaunchScreen.storyboard; sourceTree = "<group>"; };
		2AD742A527CA64E500585172 /* Info.plist */ = {isa = PBXFileReference; lastKnownFileType = text.plist.xml; path = Info.plist; sourceTree = "<group>"; };
		2AD742AB27CA65ED00585172 /* Test2.entitlements */ = {isa = PBXFileReference; lastKnownFileType = text.plist.entitlements; path = Test2.entitlements; sourceTree = "<group>"; };
		2AD742AD27CA65EE00585172 /* HealthKit.framework */ = {isa = PBXFileReference; lastKnownFileType = wrapper.framework; name = HealthKit.framework; path = System/Library/Frameworks/HealthKit.framework; sourceTree = SDKROOT; };
		2AD742B627CAABB500585172 /* ContentView.swift */ = {isa = PBXFileReference; lastKnownFileType = sourcecode.swift; path = ContentView.swift; sourceTree = "<group>"; };
		2AD742BC27CAB0F700585172 /* HealthKitData.swift */ = {isa = PBXFileReference; fileEncoding = 4; lastKnownFileType = sourcecode.swift; name = HealthKitData.swift; path = ../../../../../var/folders/qj/h46xcwrs08dbqcxkpwg7dllw0000gn/T/HealthKitData.swift; sourceTree = "<group>"; };
/* End PBXFileReference section */

/* Begin PBXFrameworksBuildPhase section */
		2AD7429127CA64D500585172 /* Frameworks */ = {
			isa = PBXFrameworksBuildPhase;
			buildActionMask = 2147483647;
			files = (
				2AD742AE27CA65EE00585172 /* HealthKit.framework in Frameworks */,
				2AD742B327CAA05400585172 /* SwiftUICharts in Frameworks */,
			);
			runOnlyForDeploymentPostprocessing = 0;
		};
/* End PBXFrameworksBuildPhase section */

/* Begin PBXGroup section */
		2AD7428B27CA64D500585172 = {
			isa = PBXGroup;
			children = (
				2AD7429627CA64D500585172 /* Test2 */,
				2AD7429527CA64D500585172 /* Products */,
				2AD742AC27CA65EE00585172 /* Frameworks */,
			);
			sourceTree = "<group>";
		};
		2AD7429527CA64D500585172 /* Products */ = {
			isa = PBXGroup;
			children = (
				2AD7429427CA64D500585172 /* Test2.app */,
			);
			name = Products;
			sourceTree = "<group>";
		};
		2AD7429627CA64D500585172 /* Test2 */ = {
			isa = PBXGroup;
			children = (
				2AD742AB27CA65ED00585172 /* Test2.entitlements */,
				2AD7429727CA64D500585172 /* AppDelegate.swift */,
				2AD7429927CA64D500585172 /* SceneDelegate.swift */,
				2AD7429B27CA64D500585172 /* ViewController.swift */,
				2AD742BC27CAB0F700585172 /* HealthKitData.swift */,
				2AD7429D27CA64D500585172 /* Main.storyboard */,
				2AD742A027CA64E500585172 /* Assets.xcassets */,
				2AD742A227CA64E500585172 /* LaunchScreen.storyboard */,
				2AD742A527CA64E500585172 /* Info.plist */,
				2AD742B627CAABB500585172 /* ContentView.swift */,
			);
			path = Test2;
			sourceTree = "<group>";
		};
		2AD742AC27CA65EE00585172 /* Frameworks */ = {
			isa = PBXGroup;
			children = (
				2AD742AD27CA65EE00585172 /* HealthKit.framework */,
			);
			name = Frameworks;
			sourceTree = "<group>";
		};
/* End PBXGroup section */

/* Begin PBXNativeTarget section */
		2AD7429327CA64D500585172 /* Test2 */ = {
			isa = PBXNativeTarget;
			buildConfigurationList = 2AD742A827CA64E500585172 /* Build configuration list for PBXNativeTarget "Test2" */;
			buildPhases = (
				2AD7429027CA64D500585172 /* Sources */,
				2AD7429127CA64D500585172 /* Frameworks */,
				2AD7429227CA64D500585172 /* Resources */,
			);
			buildRules = (
			);
			dependencies = (
			);
			name = Test2;
			packageProductDependencies = (
				2AD742B227CAA05400585172 /* SwiftUICharts */,
			);
			productName = Test2;
			productReference = 2AD7429427CA64D500585172 /* Test2.app */;
			productType = "com.apple.product-type.application";
		};
/* End PBXNativeTarget section */

/* Begin PBXProject section */
		2AD7428C27CA64D500585172 /* Project object */ = {
			isa = PBXProject;
			attributes = {
				BuildIndependentTargetsInParallel = 1;
				LastSwiftUpdateCheck = 1310;
				LastUpgradeCheck = 1310;
				TargetAttributes = {
					2AD7429327CA64D500585172 = {
						CreatedOnToolsVersion = 13.1;
					};
				};
			};
			buildConfigurationList = 2AD7428F27CA64D500585172 /* Build configuration list for PBXProject "Test2" */;
			compatibilityVersion = "Xcode 13.0";
			developmentRegion = en;
			hasScannedForEncodings = 0;
			knownRegions = (
				en,
				Base,
			);
			mainGroup = 2AD7428B27CA64D500585172;
			packageReferences = (
				2AD742B127CAA05400585172 /* XCRemoteSwiftPackageReference "SwiftUICharts" */,
			);
			productRefGroup = 2AD7429527CA64D500585172 /* Products */;
			projectDirPath = "";
			projectRoot = "";
			targets = (
				2AD7429327CA64D500585172 /* Test2 */,
			);
		};
/* End PBXProject section */

/* Begin PBXResourcesBuildPhase section */
		2AD7429227CA64D500585172 /* Resources */ = {
			isa = PBXResourcesBuildPhase;
			buildActionMask = 2147483647;
			files = (
				2AD7430427CAE77000585172 /* Main.storyboard in Resources */,
				2AD742A427CA64E500585172 /* LaunchScreen.storyboard in Resources */,
				2AD742A127CA64E500585172 /* Assets.xcassets in Resources */,
			);
			runOnlyForDeploymentPostprocessing = 0;
		};
/* End PBXResourcesBuildPhase section */

/* Begin PBXSourcesBuildPhase section */
		2AD7429027CA64D500585172 /* Sources */ = {
			isa = PBXSourcesBuildPhase;
			buildActionMask = 2147483647;
			files = (
				2AD7429C27CA64D500585172 /* ViewController.swift in Sources */,
				2AD742B727CAABB500585172 /* ContentView.swift in Sources */,
				2AD742BD27CAB0F700585172 /* HealthKitData.swift in Sources */,
				2AD7429827CA64D500585172 /* AppDelegate.swift in Sources */,
				2AD7429A27CA64D500585172 /* SceneDelegate.swift in Sources */,
			);
			runOnlyForDeploymentPostprocessing = 0;
		};
/* End PBXSourcesBuildPhase section */

/* Begin PBXVariantGroup section */
		2AD7429D27CA64D500585172 /* Main.storyboard */ = {
			isa = PBXVariantGroup;
			children = (
				2AD7429E27CA64D500585172 /* Base */,
			);
			name = Main.storyboard;
			sourceTree = "<group>";
		};
		2AD742A227CA64E500585172 /* LaunchScreen.storyboard */ = {
			isa = PBXVariantGroup;
			children = (
				2AD742A327CA64E500585172 /* Base */,
			);
			name = LaunchScreen.storyboard;
			sourceTree = "<group>";
		};
/* End PBXVariantGroup section */

/* Begin XCBuildConfiguration section */
		2AD742A627CA64E500585172 /* Debug */ = {
			isa = XCBuildConfiguration;
			buildSettings = {
				ALWAYS_SEARCH_USER_PATHS = NO;
				CLANG_ANALYZER_NONNULL = YES;
				CLANG_ANALYZER_NUMBER_OBJECT_CONVERSION = YES_AGGRESSIVE;
				CLANG_CXX_LANGUAGE_STANDARD = "gnu++17";
				CLANG_CXX_LIBRARY = "libc++";
				CLANG_ENABLE_MODULES = YES;
				CLANG_ENABLE_OBJC_ARC = YES;
				CLANG_ENABLE_OBJC_WEAK = YES;
				CLANG_WARN_BLOCK_CAPTURE_AUTORELEASING = YES;
				CLANG_WARN_BOOL_CONVERSION = YES;
				CLANG_WARN_COMMA = YES;
				CLANG_WARN_CONSTANT_CONVERSION = YES;
				CLANG_WARN_DEPRECATED_OBJC_IMPLEMENTATIONS = YES;
				CLANG_WARN_DIRECT_OBJC_ISA_USAGE = YES_ERROR;
				CLANG_WARN_DOCUMENTATION_COMMENTS = YES;
				CLANG_WARN_EMPTY_BODY = YES;
				CLANG_WARN_ENUM_CONVERSION = YES;
				CLANG_WARN_INFINITE_RECURSION = YES;
				CLANG_WARN_INT_CONVERSION = YES;
				CLANG_WARN_NON_LITERAL_NULL_CONVERSION = YES;
				CLANG_WARN_OBJC_IMPLICIT_RETAIN_SELF = YES;
				CLANG_WARN_OBJC_LITERAL_CONVERSION = YES;
				CLANG_WARN_OBJC_ROOT_CLASS = YES_ERROR;
				CLANG_WARN_QUOTED_INCLUDE_IN_FRAMEWORK_HEADER = YES;
				CLANG_WARN_RANGE_LOOP_ANALYSIS = YES;
				CLANG_WARN_STRICT_PROTOTYPES = YES;
				CLANG_WARN_SUSPICIOUS_MOVE = YES;
				CLANG_WARN_UNGUARDED_AVAILABILITY = YES_AGGRESSIVE;
				CLANG_WARN_UNREACHABLE_CODE = YES;
				CLANG_WARN__DUPLICATE_METHOD_MATCH = YES;
				COPY_PHASE_STRIP = NO;
				DEBUG_INFORMATION_FORMAT = dwarf;
				ENABLE_STRICT_OBJC_MSGSEND = YES;
				ENABLE_TESTABILITY = YES;
				GCC_C_LANGUAGE_STANDARD = gnu11;
				GCC_DYNAMIC_NO_PIC = NO;
				GCC_NO_COMMON_BLOCKS = YES;
				GCC_OPTIMIZATION_LEVEL = 0;
				GCC_PREPROCESSOR_DEFINITIONS = (
					"DEBUG=1",
					"$(inherited)",
				);
				GCC_WARN_64_TO_32_BIT_CONVERSION = YES;
				GCC_WARN_ABOUT_RETURN_TYPE = YES_ERROR;
				GCC_WARN_UNDECLARED_SELECTOR = YES;
				GCC_WARN_UNINITIALIZED_AUTOS = YES_AGGRESSIVE;
				GCC_WARN_UNUSED_FUNCTION = YES;
				GCC_WARN_UNUSED_VARIABLE = YES;
				IPHONEOS_DEPLOYMENT_TARGET = 15.0;
				MTL_ENABLE_DEBUG_INFO = INCLUDE_SOURCE;
				MTL_FAST_MATH = YES;
				ONLY_ACTIVE_ARCH = YES;
				SDKROOT = iphoneos;
				SWIFT_ACTIVE_COMPILATION_CONDITIONS = DEBUG;
				SWIFT_OPTIMIZATION_LEVEL = "-Onone";
			};
			name = Debug;
		};
		2AD742A727CA64E500585172 /* Release */ = {
			isa = XCBuildConfiguration;
			buildSettings = {
				ALWAYS_SEARCH_USER_PATHS = NO;
				CLANG_ANALYZER_NONNULL = YES;
				CLANG_ANALYZER_NUMBER_OBJECT_CONVERSION = YES_AGGRESSIVE;
				CLANG_CXX_LANGUAGE_STANDARD = "gnu++17";
				CLANG_CXX_LIBRARY = "libc++";
				CLANG_ENABLE_MODULES = YES;
				CLANG_ENABLE_OBJC_ARC = YES;
				CLANG_ENABLE_OBJC_WEAK = YES;
				CLANG_WARN_BLOCK_CAPTURE_AUTORELEASING = YES;
				CLANG_WARN_BOOL_CONVERSION = YES;
				CLANG_WARN_COMMA = YES;
				CLANG_WARN_CONSTANT_CONVERSION = YES;
				CLANG_WARN_DEPRECATED_OBJC_IMPLEMENTATIONS = YES;
				CLANG_WARN_DIRECT_OBJC_ISA_USAGE = YES_ERROR;
				CLANG_WARN_DOCUMENTATION_COMMENTS = YES;
				CLANG_WARN_EMPTY_BODY = YES;
				CLANG_WARN_ENUM_CONVERSION = YES;
				CLANG_WARN_INFINITE_RECURSION = YES;
				CLANG_WARN_INT_CONVERSION = YES;
				CLANG_WARN_NON_LITERAL_NULL_CONVERSION = YES;
				CLANG_WARN_OBJC_IMPLICIT_RETAIN_SELF = YES;
				CLANG_WARN_OBJC_LITERAL_CONVERSION = YES;
				CLANG_WARN_OBJC_ROOT_CLASS = YES_ERROR;
				CLANG_WARN_QUOTED_INCLUDE_IN_FRAMEWORK_HEADER = YES;
				CLANG_WARN_RANGE_LOOP_ANALYSIS = YES;
				CLANG_WARN_STRICT_PROTOTYPES = YES;
				CLANG_WARN_SUSPICIOUS_MOVE = YES;
				CLANG_WARN_UNGUARDED_AVAILABILITY = YES_AGGRESSIVE;
				CLANG_WARN_UNREACHABLE_CODE = YES;
				CLANG_WARN__DUPLICATE_METHOD_MATCH = YES;
				COPY_PHASE_STRIP = NO;
				DEBUG_INFORMATION_FORMAT = "dwarf-with-dsym";
				ENABLE_NS_ASSERTIONS = NO;
				ENABLE_STRICT_OBJC_MSGSEND = YES;
				GCC_C_LANGUAGE_STANDARD = gnu11;
				GCC_NO_COMMON_BLOCKS = YES;
				GCC_WARN_64_TO_32_BIT_CONVERSION = YES;
				GCC_WARN_ABOUT_RETURN_TYPE = YES_ERROR;
				GCC_WARN_UNDECLARED_SELECTOR = YES;
				GCC_WARN_UNINITIALIZED_AUTOS = YES_AGGRESSIVE;
				GCC_WARN_UNUSED_FUNCTION = YES;
				GCC_WARN_UNUSED_VARIABLE = YES;
				IPHONEOS_DEPLOYMENT_TARGET = 15.0;
				MTL_ENABLE_DEBUG_INFO = NO;
				MTL_FAST_MATH = YES;
				SDKROOT = iphoneos;
				SWIFT_COMPILATION_MODE = wholemodule;
				SWIFT_OPTIMIZATION_LEVEL = "-O";
				VALIDATE_PRODUCT = YES;
			};
			name = Release;
		};
		2AD742A927CA64E500585172 /* Debug */ = {
			isa = XCBuildConfiguration;
			buildSettings = {
				ASSETCATALOG_COMPILER_APPICON_NAME = AppIcon;
				ASSETCATALOG_COMPILER_GLOBAL_ACCENT_COLOR_NAME = AccentColor;
				CODE_SIGN_ENTITLEMENTS = Test2/Test2.entitlements;
				CODE_SIGN_STYLE = Automatic;
				CURRENT_PROJECT_VERSION = 1;
				DEVELOPMENT_TEAM = U5VGK9RCC4;
				GENERATE_INFOPLIST_FILE = YES;
				INFOPLIST_FILE = Test2/Info.plist;
				INFOPLIST_KEY_NSHealthShareUsageDescription = "Want to access health app to read respiratory rate";
				INFOPLIST_KEY_NSHealthUpdateUsageDescription = "Want to access health app to read respiratory rate";
				INFOPLIST_KEY_UIApplicationSupportsIndirectInputEvents = YES;
				INFOPLIST_KEY_UILaunchStoryboardName = LaunchScreen;
				INFOPLIST_KEY_UIMainStoryboardFile = Main;
				INFOPLIST_KEY_UISupportedInterfaceOrientations_iPad = "UIInterfaceOrientationPortrait UIInterfaceOrientationPortraitUpsideDown UIInterfaceOrientationLandscapeLeft UIInterfaceOrientationLandscapeRight";
				INFOPLIST_KEY_UISupportedInterfaceOrientations_iPhone = "UIInterfaceOrientationPortrait UIInterfaceOrientationLandscapeLeft UIInterfaceOrientationLandscapeRight";
				LD_RUNPATH_SEARCH_PATHS = (
					"$(inherited)",
					"@executable_path/Frameworks",
				);
				MARKETING_VERSION = 1.0;
				PRODUCT_BUNDLE_IDENTIFIER = TeamRocket.ProjectREDS;
				PRODUCT_NAME = "$(TARGET_NAME)";
				SWIFT_EMIT_LOC_STRINGS = YES;
				SWIFT_VERSION = 5.0;
				TARGETED_DEVICE_FAMILY = "1,2";
			};
			name = Debug;
		};
		2AD742AA27CA64E500585172 /* Release */ = {
			isa = XCBuildConfiguration;
			buildSettings = {
				ASSETCATALOG_COMPILER_APPICON_NAME = AppIcon;
				ASSETCATALOG_COMPILER_GLOBAL_ACCENT_COLOR_NAME = AccentColor;
				CODE_SIGN_ENTITLEMENTS = Test2/Test2.entitlements;
				CODE_SIGN_STYLE = Automatic;
				CURRENT_PROJECT_VERSION = 1;
				DEVELOPMENT_TEAM = U5VGK9RCC4;
				GENERATE_INFOPLIST_FILE = YES;
				INFOPLIST_FILE = Test2/Info.plist;
				INFOPLIST_KEY_NSHealthShareUsageDescription = "Want to access health app to read respiratory rate";
				INFOPLIST_KEY_NSHealthUpdateUsageDescription = "Want to access health app to read respiratory rate";
				INFOPLIST_KEY_UIApplicationSupportsIndirectInputEvents = YES;
				INFOPLIST_KEY_UILaunchStoryboardName = LaunchScreen;
				INFOPLIST_KEY_UIMainStoryboardFile = Main;
				INFOPLIST_KEY_UISupportedInterfaceOrientations_iPad = "UIInterfaceOrientationPortrait UIInterfaceOrientationPortraitUpsideDown UIInterfaceOrientationLandscapeLeft UIInterfaceOrientationLandscapeRight";
				INFOPLIST_KEY_UISupportedInterfaceOrientations_iPhone = "UIInterfaceOrientationPortrait UIInterfaceOrientationLandscapeLeft UIInterfaceOrientationLandscapeRight";
				LD_RUNPATH_SEARCH_PATHS = (
					"$(inherited)",
					"@executable_path/Frameworks",
				);
				MARKETING_VERSION = 1.0;
				PRODUCT_BUNDLE_IDENTIFIER = TeamRocket.ProjectREDS;
				PRODUCT_NAME = "$(TARGET_NAME)";
				SWIFT_EMIT_LOC_STRINGS = YES;
				SWIFT_VERSION = 5.0;
				TARGETED_DEVICE_FAMILY = "1,2";
			};
			name = Release;
		};
/* End XCBuildConfiguration section */

/* Begin XCConfigurationList section */
		2AD7428F27CA64D500585172 /* Build configuration list for PBXProject "Test2" */ = {
			isa = XCConfigurationList;
			buildConfigurations = (
				2AD742A627CA64E500585172 /* Debug */,
				2AD742A727CA64E500585172 /* Release */,
			);
			defaultConfigurationIsVisible = 0;
			defaultConfigurationName = Release;
		};
		2AD742A827CA64E500585172 /* Build configuration list for PBXNativeTarget "Test2" */ = {
			isa = XCConfigurationList;
			buildConfigurations = (
				2AD742A927CA64E500585172 /* Debug */,
				2AD742AA27CA64E500585172 /* Release */,
			);
			defaultConfigurationIsVisible = 0;
			defaultConfigurationName = Release;
		};
/* End XCConfigurationList section */

/* Begin XCRemoteSwiftPackageReference section */
		2AD742B127CAA05400585172 /* XCRemoteSwiftPackageReference "SwiftUICharts" */ = {
			isa = XCRemoteSwiftPackageReference;
			repositoryURL = "https://github.com/AfrazCodes/SwiftUICharts";
			requirement = {
				kind = upToNextMajorVersion;
				minimumVersion = 0.5.2;
			};
		};
/* End XCRemoteSwiftPackageReference section */

/* Begin XCSwiftPackageProductDependency section */
		2AD742B227CAA05400585172 /* SwiftUICharts */ = {
			isa = XCSwiftPackageProductDependency;
			package = 2AD742B127CAA05400585172 /* XCRemoteSwiftPackageReference "SwiftUICharts" */;
			productName = SwiftUICharts;
		};
/* End XCSwiftPackageProductDependency section */
	};
	rootObject = 2AD7428C27CA64D500585172 /* Project object */;
}
